
Microsoft Visual Studio Solution File, Format Version 12.00
# Visual Studio Version 17
VisualStudioVersion = 17.6.33417.168
MinimumVisualStudioVersion = 10.0.40219.1
Project("{FAE04EC0-301F-11D3-BF4B-00C04F79EFBC}") = "MauiReactorGettingStartedSample", "MauiReactorGettingStartedSample\MauiReactorGettingStartedSample.csproj", "{8DE39261-ED73-4446-A65A-7C8E2F80956B}"
EndProject
Global
	GlobalSection(SolutionConfigurationPlatforms) = preSolution
		Debug|Any CPU = Debug|Any CPU
		Release|Any CPU = Release|Any CPU
	EndGlobalSection
	GlobalSection(ProjectConfigurationPlatforms) = postSolution
		{8DE39261-ED73-4446-A65A-7C8E2F80956B}.Debug|Any CPU.ActiveCfg = Debug|Any CPU
		{8DE39261-ED73-4446-A65A-7C8E2F80956B}.Debug|Any CPU.Build.0 = Debug|Any CPU
		{8DE39261-ED73-4446-A65A-7C8E2F80956B}.Debug|Any CPU.Deploy.0 = Debug|Any CPU
		{8DE39261-ED73-4446-A65A-7C8E2F80956B}.Release|Any CPU.ActiveCfg = Release|Any CPU
		{8DE39261-ED73-4446-A65A-7C8E2F80956B}.Release|Any CPU.Build.0 = Release|Any CPU
		{8DE39261-ED73-4446-A65A-7C8E2F80956B}.Release|Any CPU.Deploy.0 = Release|Any CPU
	EndGlobalSection
	GlobalSection(SolutionProperties) = preSolution
		HideSolutionNode = FALSE
	EndGlobalSection
	GlobalSection(ExtensibilityGlobals) = postSolution
		SolutionGuid = {76D9EA57-B669-4904-87AC-1B68D814B1EC}
	EndGlobalSection
EndGlobal
